
Microsoft Visual Studio Solution File, Format Version 12.00
# Visual Studio Version 17
VisualStudioVersion = 17.1.32414.318
MinimumVisualStudioVersion = 10.0.40219.1
Project("{FAE04EC0-301F-11D3-BF4B-00C04F79EFBC}") = "waReedAwards", "waReedAwards.csproj", "{13079322-7232-497C-99CA-3733D2F7209C}"
EndProject
Global
	GlobalSection(SolutionConfigurationPlatforms) = preSolution
		Debug|Any CPU = Debug|Any CPU
		Release|Any CPU = Release|Any CPU
	EndGlobalSection
	GlobalSection(ProjectConfigurationPlatforms) = postSolution
		{13079322-7232-497C-99CA-3733D2F7209C}.Debug|Any CPU.ActiveCfg = Debug|Any CPU
		{13079322-7232-497C-99CA-3733D2F7209C}.Debug|Any CPU.Build.0 = Debug|Any CPU
		{13079322-7232-497C-99CA-3733D2F7209C}.Release|Any CPU.ActiveCfg = Release|Any CPU
		{13079322-7232-497C-99CA-3733D2F7209C}.Release|Any CPU.Build.0 = Release|Any CPU
	EndGlobalSection
	GlobalSection(SolutionProperties) = preSolution
		HideSolutionNode = FALSE
	EndGlobalSection
	GlobalSection(ExtensibilityGlobals) = postSolution
		SolutionGuid = {D747176A-0473-401F-B7BC-2C97888EFEBA}
	EndGlobalSection
EndGlobal
